# This file is automatically @generated by Cargo.
# It is not intended for manual editing.
version = 3

[[package]]
name = "nexa-sql"
version = "0.0.1"
dependencies = [
 "nsql-core",
 "nsql-script",
]

[[package]]
name = "nsql-cli"
version = "0.0.1"
dependencies = [
 "nsql-core",
 "nsql-script",
]

[[package]]
name = "nsql-core"
version = "0.0.1"

[[package]]
name = "nsql-script"
version = "0.0.1"
dependencies = [
 "nsql-core",
]
